
Microsoft Visual Studio Solution File, Format Version 12.00
# Visual Studio Version 16
VisualStudioVersion = 16.0.30002.166
MinimumVisualStudioVersion = 10.0.40219.1
Project("{FAE04EC0-301F-11D3-BF4B-00C04F79EFBC}") = "RestartMe", "RestartMe\RestartMe.csproj", "{D1C1F1AE-23E1-4E18-8199-95E07F51E114}"
EndProject
Project("{FAE04EC0-301F-11D3-BF4B-00C04F79EFBC}") = "RestartMe.Test", "RestartMe.Test\RestartMe.Test.csproj", "{EB749724-42C8-41E4-BABD-AC7CBA433AA9}"
EndProject
Global
	GlobalSection(SolutionConfigurationPlatforms) = preSolution
		Debug|Any CPU = Debug|Any CPU
		Release|Any CPU = Release|Any CPU
	EndGlobalSection
	GlobalSection(ProjectConfigurationPlatforms) = postSolution
		{D1C1F1AE-23E1-4E18-8199-95E07F51E114}.Debug|Any CPU.ActiveCfg = Debug|Any CPU
		{D1C1F1AE-23E1-4E18-8199-95E07F51E114}.Debug|Any CPU.Build.0 = Debug|Any CPU
		{D1C1F1AE-23E1-4E18-8199-95E07F51E114}.Release|Any CPU.ActiveCfg = Release|Any CPU
		{D1C1F1AE-23E1-4E18-8199-95E07F51E114}.Release|Any CPU.Build.0 = Release|Any CPU
		{EB749724-42C8-41E4-BABD-AC7CBA433AA9}.Debug|Any CPU.ActiveCfg = Debug|Any CPU
		{EB749724-42C8-41E4-BABD-AC7CBA433AA9}.Debug|Any CPU.Build.0 = Debug|Any CPU
		{EB749724-42C8-41E4-BABD-AC7CBA433AA9}.Release|Any CPU.ActiveCfg = Release|Any CPU
		{EB749724-42C8-41E4-BABD-AC7CBA433AA9}.Release|Any CPU.Build.0 = Release|Any CPU
	EndGlobalSection
	GlobalSection(SolutionProperties) = preSolution
		HideSolutionNode = FALSE
	EndGlobalSection
	GlobalSection(ExtensibilityGlobals) = postSolution
		SolutionGuid = {6BFB45BC-B4F9-40B2-B461-6F335C56E6A6}
	EndGlobalSection
EndGlobal
